
Microsoft Visual Studio Solution File, Format Version 12.00
# Visual Studio Version 17
VisualStudioVersion = 17.2.32602.215
MinimumVisualStudioVersion = 10.0.40219.1
Project("{9A19103F-16F7-4668-BE54-9A1E7A4F7556}") = "ScreenShot.Console", "ScreenShot.Console\ScreenShot.Console.csproj", "{951A5624-7FD6-4185-A125-466F1FA94113}"
EndProject
Project("{FAE04EC0-301F-11D3-BF4B-00C04F79EFBC}") = "ScreenShot.Domain", "ScreenShot.Domain\ScreenShot.Domain.csproj", "{F74D192C-7D2D-4851-B454-0AF9F12AAA70}"
EndProject
Project("{9A19103F-16F7-4668-BE54-9A1E7A4F7556}") = "ScreenShot.WinService", "ScreenShot.WinService\ScreenShot.WinService.csproj", "{792A310E-5102-4336-B66D-249DB876E101}"
EndProject
Project("{FAE04EC0-301F-11D3-BF4B-00C04F79EFBC}") = "ScreenShot.Wpf", "ScreenShot.Wpf\ScreenShot.Wpf.csproj", "{8DDBDC59-95C2-48E0-BA0D-028D2037C247}"
EndProject
Global
	GlobalSection(SolutionConfigurationPlatforms) = preSolution
		Debug|Any CPU = Debug|Any CPU
		Release|Any CPU = Release|Any CPU
	EndGlobalSection
	GlobalSection(ProjectConfigurationPlatforms) = postSolution
		{951A5624-7FD6-4185-A125-466F1FA94113}.Debug|Any CPU.ActiveCfg = Debug|Any CPU
		{951A5624-7FD6-4185-A125-466F1FA94113}.Debug|Any CPU.Build.0 = Debug|Any CPU
		{951A5624-7FD6-4185-A125-466F1FA94113}.Release|Any CPU.ActiveCfg = Release|Any CPU
		{951A5624-7FD6-4185-A125-466F1FA94113}.Release|Any CPU.Build.0 = Release|Any CPU
		{F74D192C-7D2D-4851-B454-0AF9F12AAA70}.Debug|Any CPU.ActiveCfg = Debug|Any CPU
		{F74D192C-7D2D-4851-B454-0AF9F12AAA70}.Debug|Any CPU.Build.0 = Debug|Any CPU
		{F74D192C-7D2D-4851-B454-0AF9F12AAA70}.Release|Any CPU.ActiveCfg = Release|Any CPU
		{F74D192C-7D2D-4851-B454-0AF9F12AAA70}.Release|Any CPU.Build.0 = Release|Any CPU
		{792A310E-5102-4336-B66D-249DB876E101}.Debug|Any CPU.ActiveCfg = Debug|Any CPU
		{792A310E-5102-4336-B66D-249DB876E101}.Debug|Any CPU.Build.0 = Debug|Any CPU
		{792A310E-5102-4336-B66D-249DB876E101}.Release|Any CPU.ActiveCfg = Release|Any CPU
		{792A310E-5102-4336-B66D-249DB876E101}.Release|Any CPU.Build.0 = Release|Any CPU
		{8DDBDC59-95C2-48E0-BA0D-028D2037C247}.Debug|Any CPU.ActiveCfg = Debug|Any CPU
		{8DDBDC59-95C2-48E0-BA0D-028D2037C247}.Debug|Any CPU.Build.0 = Debug|Any CPU
		{8DDBDC59-95C2-48E0-BA0D-028D2037C247}.Release|Any CPU.ActiveCfg = Release|Any CPU
		{8DDBDC59-95C2-48E0-BA0D-028D2037C247}.Release|Any CPU.Build.0 = Release|Any CPU
	EndGlobalSection
	GlobalSection(SolutionProperties) = preSolution
		HideSolutionNode = FALSE
	EndGlobalSection
	GlobalSection(ExtensibilityGlobals) = postSolution
		SolutionGuid = {BF001827-DE34-45FA-B476-83A99A11C3BE}
	EndGlobalSection
EndGlobal
